
Microsoft Visual Studio Solution File, Format Version 12.00
# Visual Studio Version 17
VisualStudioVersion = 17.2.32616.157
MinimumVisualStudioVersion = 10.0.40219.1
Project("{FAE04EC0-301F-11D3-BF4B-00C04F79EFBC}") = "ImcCalculator", "ImcCalculator\ImcCalculator.csproj", "{36E06D4C-743C-4587-A97C-6AC1DC30AFCB}"
EndProject
Global
	GlobalSection(SolutionConfigurationPlatforms) = preSolution
		Debug|Any CPU = Debug|Any CPU
		Release|Any CPU = Release|Any CPU
	EndGlobalSection
	GlobalSection(ProjectConfigurationPlatforms) = postSolution
		{36E06D4C-743C-4587-A97C-6AC1DC30AFCB}.Debug|Any CPU.ActiveCfg = Debug|Any CPU
		{36E06D4C-743C-4587-A97C-6AC1DC30AFCB}.Debug|Any CPU.Build.0 = Debug|Any CPU
		{36E06D4C-743C-4587-A97C-6AC1DC30AFCB}.Release|Any CPU.ActiveCfg = Release|Any CPU
		{36E06D4C-743C-4587-A97C-6AC1DC30AFCB}.Release|Any CPU.Build.0 = Release|Any CPU
	EndGlobalSection
	GlobalSection(SolutionProperties) = preSolution
		HideSolutionNode = FALSE
	EndGlobalSection
	GlobalSection(ExtensibilityGlobals) = postSolution
		SolutionGuid = {E1D30495-54C7-4599-979D-CF8CCC7F241A}
	EndGlobalSection
EndGlobal
